
Microsoft Visual Studio Solution File, Format Version 12.00
# Visual Studio Version 17
VisualStudioVersion = 17.9.34701.34
MinimumVisualStudioVersion = 10.0.40219.1
Project("{FAE04EC0-301F-11D3-BF4B-00C04F79EFBC}") = "StudentManagementProject", "StudentManagementProject\StudentManagementProject.csproj", "{02922AB5-C016-4B34-AEFB-DB34B97770A8}"
EndProject
Global
	GlobalSection(SolutionConfigurationPlatforms) = preSolution
		Debug|Any CPU = Debug|Any CPU
		Release|Any CPU = Release|Any CPU
	EndGlobalSection
	GlobalSection(ProjectConfigurationPlatforms) = postSolution
		{02922AB5-C016-4B34-AEFB-DB34B97770A8}.Debug|Any CPU.ActiveCfg = Debug|Any CPU
		{02922AB5-C016-4B34-AEFB-DB34B97770A8}.Debug|Any CPU.Build.0 = Debug|Any CPU
		{02922AB5-C016-4B34-AEFB-DB34B97770A8}.Release|Any CPU.ActiveCfg = Release|Any CPU
		{02922AB5-C016-4B34-AEFB-DB34B97770A8}.Release|Any CPU.Build.0 = Release|Any CPU
	EndGlobalSection
	GlobalSection(SolutionProperties) = preSolution
		HideSolutionNode = FALSE
	EndGlobalSection
	GlobalSection(ExtensibilityGlobals) = postSolution
		SolutionGuid = {65370276-D0E9-494D-A068-5D393358F20A}
	EndGlobalSection
EndGlobal
